
Microsoft Visual Studio Solution File, Format Version 12.00
# Visual Studio Version 16
VisualStudioVersion = 16.0.29911.84
MinimumVisualStudioVersion = 10.0.40219.1
Project("{FAE04EC0-301F-11D3-BF4B-00C04F79EFBC}") = "ConsoleApp96", "ConsoleApp96\ConsoleApp96.csproj", "{7389DCAC-5E6E-4977-B5A1-AFB83C9FEA98}"
EndProject
Global
	GlobalSection(SolutionConfigurationPlatforms) = preSolution
		Debug|Any CPU = Debug|Any CPU
		Release|Any CPU = Release|Any CPU
	EndGlobalSection
	GlobalSection(ProjectConfigurationPlatforms) = postSolution
		{7389DCAC-5E6E-4977-B5A1-AFB83C9FEA98}.Debug|Any CPU.ActiveCfg = Debug|Any CPU
		{7389DCAC-5E6E-4977-B5A1-AFB83C9FEA98}.Debug|Any CPU.Build.0 = Debug|Any CPU
		{7389DCAC-5E6E-4977-B5A1-AFB83C9FEA98}.Release|Any CPU.ActiveCfg = Release|Any CPU
		{7389DCAC-5E6E-4977-B5A1-AFB83C9FEA98}.Release|Any CPU.Build.0 = Release|Any CPU
	EndGlobalSection
	GlobalSection(SolutionProperties) = preSolution
		HideSolutionNode = FALSE
	EndGlobalSection
	GlobalSection(ExtensibilityGlobals) = postSolution
		SolutionGuid = {BD8BFCBE-EBEC-4C02-AD4E-5EE346F60200}
	EndGlobalSection
EndGlobal
